// !$*UTF8*$!
{
	archiveVersion = 1;
	classes = {
	};
	objectVersion = 50;
	objects = {

/* Begin PBXBuildFile section */
		C31E406122B34FD100A27C7D /* GradientView.swift in Sources */ = {isa = PBXBuildFile; fileRef = C31E406022B34FD100A27C7D /* GradientView.swift */; };
		C31E406722B352CA00A27C7D /* Category.swift in Sources */ = {isa = PBXBuildFile; fileRef = C31E406622B352CA00A27C7D /* Category.swift */; };
		C31E406922B3542D00A27C7D /* DataServices.swift in Sources */ = {isa = PBXBuildFile; fileRef = C31E406822B3542D00A27C7D /* DataServices.swift */; };
		C31E407022B355D800A27C7D /* InitialViewController.swift in Sources */ = {isa = PBXBuildFile; fileRef = C31E406E22B355D800A27C7D /* InitialViewController.swift */; };
		C31E407122B355D800A27C7D /* InitialViewController.xib in Resources */ = {isa = PBXBuildFile; fileRef = C31E406F22B355D800A27C7D /* InitialViewController.xib */; };
		C31E407422B3576F00A27C7D /* ApplicationAssembly.swift in Sources */ = {isa = PBXBuildFile; fileRef = C31E407322B3576F00A27C7D /* ApplicationAssembly.swift */; };
		C31E407622B357F100A27C7D /* CustomNavigationController.swift in Sources */ = {isa = PBXBuildFile; fileRef = C31E407522B357F100A27C7D /* CustomNavigationController.swift */; };
		C31E407922B361C500A27C7D /* MoviesViewController.swift in Sources */ = {isa = PBXBuildFile; fileRef = C31E407722B361C500A27C7D /* MoviesViewController.swift */; };
		C31E407A22B361C500A27C7D /* MoviesViewController.xib in Resources */ = {isa = PBXBuildFile; fileRef = C31E407822B361C500A27C7D /* MoviesViewController.xib */; };
		C31E407C22B3627900A27C7D /* Movie.swift in Sources */ = {isa = PBXBuildFile; fileRef = C31E407B22B3627900A27C7D /* Movie.swift */; };
		C35A0F9F22B0AB330067402F /* AppDelegate.swift in Sources */ = {isa = PBXBuildFile; fileRef = C35A0F9E22B0AB330067402F /* AppDelegate.swift */; };
		C35A0FA622B0AB370067402F /* Assets.xcassets in Resources */ = {isa = PBXBuildFile; fileRef = C35A0FA522B0AB370067402F /* Assets.xcassets */; };
		C35A0FA922B0AB370067402F /* LaunchScreen.storyboard in Resources */ = {isa = PBXBuildFile; fileRef = C35A0FA722B0AB370067402F /* LaunchScreen.storyboard */; };
		F915AC94F146B456C4A8A38C /* Pods_ChrisPelis.framework in Frameworks */ = {isa = PBXBuildFile; fileRef = 04C7DE601752F359BC0E0D6E /* Pods_ChrisPelis.framework */; };
/* End PBXBuildFile section */

/* Begin PBXFileReference section */
		04C7DE601752F359BC0E0D6E /* Pods_ChrisPelis.framework */ = {isa = PBXFileReference; explicitFileType = wrapper.framework; includeInIndex = 0; path = Pods_ChrisPelis.framework; sourceTree = BUILT_PRODUCTS_DIR; };
		3030E809BFF9162C56D303B5 /* Pods-ChrisPelis.debug.xcconfig */ = {isa = PBXFileReference; includeInIndex = 1; lastKnownFileType = text.xcconfig; name = "Pods-ChrisPelis.debug.xcconfig"; path = "Pods/Target Support Files/Pods-ChrisPelis/Pods-ChrisPelis.debug.xcconfig"; sourceTree = "<group>"; };
		C31E406022B34FD100A27C7D /* GradientView.swift */ = {isa = PBXFileReference; lastKnownFileType = sourcecode.swift; path = GradientView.swift; sourceTree = "<group>"; };
		C31E406622B352CA00A27C7D /* Category.swift */ = {isa = PBXFileReference; lastKnownFileType = sourcecode.swift; path = Category.swift; sourceTree = "<group>"; };
		C31E406822B3542D00A27C7D /* DataServices.swift */ = {isa = PBXFileReference; lastKnownFileType = sourcecode.swift; path = DataServices.swift; sourceTree = "<group>"; };
		C31E406E22B355D800A27C7D /* InitialViewController.swift */ = {isa = PBXFileReference; lastKnownFileType = sourcecode.swift; path = InitialViewController.swift; sourceTree = "<group>"; };
		C31E406F22B355D800A27C7D /* InitialViewController.xib */ = {isa = PBXFileReference; lastKnownFileType = file.xib; path = InitialViewController.xib; sourceTree = "<group>"; };
		C31E407322B3576F00A27C7D /* ApplicationAssembly.swift */ = {isa = PBXFileReference; lastKnownFileType = sourcecode.swift; path = ApplicationAssembly.swift; sourceTree = "<group>"; };
		C31E407522B357F100A27C7D /* CustomNavigationController.swift */ = {isa = PBXFileReference; lastKnownFileType = sourcecode.swift; path = CustomNavigationController.swift; sourceTree = "<group>"; };
		C31E407722B361C500A27C7D /* MoviesViewController.swift */ = {isa = PBXFileReference; lastKnownFileType = sourcecode.swift; path = MoviesViewController.swift; sourceTree = "<group>"; };
		C31E407822B361C500A27C7D /* MoviesViewController.xib */ = {isa = PBXFileReference; lastKnownFileType = file.xib; path = MoviesViewController.xib; sourceTree = "<group>"; };
		C31E407B22B3627900A27C7D /* Movie.swift */ = {isa = PBXFileReference; lastKnownFileType = sourcecode.swift; path = Movie.swift; sourceTree = "<group>"; };
		C35A0F9B22B0AB330067402F /* ChrisPelis.app */ = {isa = PBXFileReference; explicitFileType = wrapper.application; includeInIndex = 0; path = ChrisPelis.app; sourceTree = BUILT_PRODUCTS_DIR; };
		C35A0F9E22B0AB330067402F /* AppDelegate.swift */ = {isa = PBXFileReference; lastKnownFileType = sourcecode.swift; path = AppDelegate.swift; sourceTree = "<group>"; };
		C35A0FA522B0AB370067402F /* Assets.xcassets */ = {isa = PBXFileReference; lastKnownFileType = folder.assetcatalog; path = Assets.xcassets; sourceTree = "<group>"; };
		C35A0FA822B0AB370067402F /* Base */ = {isa = PBXFileReference; lastKnownFileType = file.storyboard; name = Base; path = Base.lproj/LaunchScreen.storyboard; sourceTree = "<group>"; };
		C35A0FAA22B0AB370067402F /* Info.plist */ = {isa = PBXFileReference; lastKnownFileType = text.plist.xml; path = Info.plist; sourceTree = "<group>"; };
		C4961FF41B12C90D6F803581 /* Pods-ChrisPelis.release.xcconfig */ = {isa = PBXFileReference; includeInIndex = 1; lastKnownFileType = text.xcconfig; name = "Pods-ChrisPelis.release.xcconfig"; path = "Pods/Target Support Files/Pods-ChrisPelis/Pods-ChrisPelis.release.xcconfig"; sourceTree = "<group>"; };
/* End PBXFileReference section */

/* Begin PBXFrameworksBuildPhase section */
		C35A0F9822B0AB330067402F /* Frameworks */ = {
			isa = PBXFrameworksBuildPhase;
			buildActionMask = 2147483647;
			files = (
				F915AC94F146B456C4A8A38C /* Pods_ChrisPelis.framework in Frameworks */,
			);
			runOnlyForDeploymentPostprocessing = 0;
		};
/* End PBXFrameworksBuildPhase section */

/* Begin PBXGroup section */
		30637E4985C2AEB1B3A3450E /* Frameworks */ = {
			isa = PBXGroup;
			children = (
				04C7DE601752F359BC0E0D6E /* Pods_ChrisPelis.framework */,
			);
			name = Frameworks;
			sourceTree = "<group>";
		};
		8065BC5745BE98E08A864DDA /* Pods */ = {
			isa = PBXGroup;
			children = (
				3030E809BFF9162C56D303B5 /* Pods-ChrisPelis.debug.xcconfig */,
				C4961FF41B12C90D6F803581 /* Pods-ChrisPelis.release.xcconfig */,
			);
			name = Pods;
			sourceTree = "<group>";
		};
		C31E405F22B34FC000A27C7D /* utils */ = {
			isa = PBXGroup;
			children = (
				C31E406022B34FD100A27C7D /* GradientView.swift */,
			);
			path = utils;
			sourceTree = "<group>";
		};
		C31E406222B3523C00A27C7D /* Model */ = {
			isa = PBXGroup;
			children = (
				C31E406622B352CA00A27C7D /* Category.swift */,
				C31E407B22B3627900A27C7D /* Movie.swift */,
			);
			path = Model;
			sourceTree = "<group>";
		};
		C31E406322B3524300A27C7D /* View */ = {
			isa = PBXGroup;
			children = (
				C31E406F22B355D800A27C7D /* InitialViewController.xib */,
				C31E407822B361C500A27C7D /* MoviesViewController.xib */,
				C35A0FA722B0AB370067402F /* LaunchScreen.storyboard */,
				C35A0FA522B0AB370067402F /* Assets.xcassets */,
			);
			path = View;
			sourceTree = "<group>";
		};
		C31E406422B3524A00A27C7D /* Controller */ = {
			isa = PBXGroup;
			children = (
				C31E406E22B355D800A27C7D /* InitialViewController.swift */,
				C31E407522B357F100A27C7D /* CustomNavigationController.swift */,
				C31E407722B361C500A27C7D /* MoviesViewController.swift */,
			);
			path = Controller;
			sourceTree = "<group>";
		};
		C31E406522B3525100A27C7D /* Services */ = {
			isa = PBXGroup;
			children = (
				C31E406822B3542D00A27C7D /* DataServices.swift */,
			);
			path = Services;
			sourceTree = "<group>";
		};
		C31E407222B3570900A27C7D /* Assembly */ = {
			isa = PBXGroup;
			children = (
				C31E407322B3576F00A27C7D /* ApplicationAssembly.swift */,
			);
			path = Assembly;
			sourceTree = "<group>";
		};
		C35A0F9222B0AB330067402F = {
			isa = PBXGroup;
			children = (
				C35A0F9D22B0AB330067402F /* ChrisPelis */,
				C35A0F9C22B0AB330067402F /* Products */,
				8065BC5745BE98E08A864DDA /* Pods */,
				30637E4985C2AEB1B3A3450E /* Frameworks */,
			);
			sourceTree = "<group>";
		};
		C35A0F9C22B0AB330067402F /* Products */ = {
			isa = PBXGroup;
			children = (
				C35A0F9B22B0AB330067402F /* ChrisPelis.app */,
			);
			name = Products;
			sourceTree = "<group>";
		};
		C35A0F9D22B0AB330067402F /* ChrisPelis */ = {
			isa = PBXGroup;
			children = (
				C31E407222B3570900A27C7D /* Assembly */,
				C31E406522B3525100A27C7D /* Services */,
				C31E406422B3524A00A27C7D /* Controller */,
				C31E406322B3524300A27C7D /* View */,
				C31E406222B3523C00A27C7D /* Model */,
				C31E405F22B34FC000A27C7D /* utils */,
				C35A0F9E22B0AB330067402F /* AppDelegate.swift */,
				C35A0FAA22B0AB370067402F /* Info.plist */,
			);
			path = ChrisPelis;
			sourceTree = "<group>";
		};
/* End PBXGroup section */

/* Begin PBXNativeTarget section */
		C35A0F9A22B0AB330067402F /* ChrisPelis */ = {
			isa = PBXNativeTarget;
			buildConfigurationList = C35A0FAD22B0AB370067402F /* Build configuration list for PBXNativeTarget "ChrisPelis" */;
			buildPhases = (
				AA46ABF9CAAB6DD5586E2C88 /* [CP] Check Pods Manifest.lock */,
				C35A0F9722B0AB330067402F /* Sources */,
				C35A0F9822B0AB330067402F /* Frameworks */,
				C35A0F9922B0AB330067402F /* Resources */,
				E8A1DD517108C464682D8E37 /* [CP] Embed Pods Frameworks */,
			);
			buildRules = (
			);
			dependencies = (
			);
			name = ChrisPelis;
			productName = ChrisPelis;
			productReference = C35A0F9B22B0AB330067402F /* ChrisPelis.app */;
			productType = "com.apple.product-type.application";
		};
/* End PBXNativeTarget section */

/* Begin PBXProject section */
		C35A0F9322B0AB330067402F /* Project object */ = {
			isa = PBXProject;
			attributes = {
				LastSwiftUpdateCheck = 1020;
				LastUpgradeCheck = 1020;
				ORGANIZATIONNAME = "Christian Collazos";
				TargetAttributes = {
					C35A0F9A22B0AB330067402F = {
						CreatedOnToolsVersion = 10.2.1;
					};
				};
			};
			buildConfigurationList = C35A0F9622B0AB330067402F /* Build configuration list for PBXProject "ChrisPelis" */;
			compatibilityVersion = "Xcode 9.3";
			developmentRegion = en;
			hasScannedForEncodings = 0;
			knownRegions = (
				en,
				Base,
			);
			mainGroup = C35A0F9222B0AB330067402F;
			productRefGroup = C35A0F9C22B0AB330067402F /* Products */;
			projectDirPath = "";
			projectRoot = "";
			targets = (
				C35A0F9A22B0AB330067402F /* ChrisPelis */,
			);
		};
/* End PBXProject section */

/* Begin PBXResourcesBuildPhase section */
		C35A0F9922B0AB330067402F /* Resources */ = {
			isa = PBXResourcesBuildPhase;
			buildActionMask = 2147483647;
			files = (
				C35A0FA922B0AB370067402F /* LaunchScreen.storyboard in Resources */,
				C35A0FA622B0AB370067402F /* Assets.xcassets in Resources */,
				C31E407122B355D800A27C7D /* InitialViewController.xib in Resources */,
				C31E407A22B361C500A27C7D /* MoviesViewController.xib in Resources */,
			);
			runOnlyForDeploymentPostprocessing = 0;
		};
/* End PBXResourcesBuildPhase section */

/* Begin PBXShellScriptBuildPhase section */
		AA46ABF9CAAB6DD5586E2C88 /* [CP] Check Pods Manifest.lock */ = {
			isa = PBXShellScriptBuildPhase;
			buildActionMask = 2147483647;
			files = (
			);
			inputPaths = (
				"${PODS_PODFILE_DIR_PATH}/Podfile.lock",
				"${PODS_ROOT}/Manifest.lock",
			);
			name = "[CP] Check Pods Manifest.lock";
			outputPaths = (
				"$(DERIVED_FILE_DIR)/Pods-ChrisPelis-checkManifestLockResult.txt",
			);
			runOnlyForDeploymentPostprocessing = 0;
			shellPath = /bin/sh;
			shellScript = "diff \"${PODS_PODFILE_DIR_PATH}/Podfile.lock\" \"${PODS_ROOT}/Manifest.lock\" > /dev/null\nif [ $? != 0 ] ; then\n    # print error to STDERR\n    echo \"error: The sandbox is not in sync with the Podfile.lock. Run 'pod install' or update your CocoaPods installation.\" >&2\n    exit 1\nfi\n# This output is used by Xcode 'outputs' to avoid re-running this script phase.\necho \"SUCCESS\" > \"${SCRIPT_OUTPUT_FILE_0}\"\n";
			showEnvVarsInLog = 0;
		};
		E8A1DD517108C464682D8E37 /* [CP] Embed Pods Frameworks */ = {
			isa = PBXShellScriptBuildPhase;
			buildActionMask = 2147483647;
			files = (
			);
			inputPaths = (
				"${SRCROOT}/Pods/Target Support Files/Pods-ChrisPelis/Pods-ChrisPelis-frameworks.sh",
				"${BUILT_PRODUCTS_DIR}/Alamofire/Alamofire.framework",
				"${BUILT_PRODUCTS_DIR}/Moya/Moya.framework",
				"${BUILT_PRODUCTS_DIR}/ReactiveSwift/ReactiveSwift.framework",
				"${BUILT_PRODUCTS_DIR}/Realm/Realm.framework",
				"${BUILT_PRODUCTS_DIR}/RealmSwift/RealmSwift.framework",
				"${BUILT_PRODUCTS_DIR}/Result/Result.framework",
				"${BUILT_PRODUCTS_DIR}/SwiftyJSON/SwiftyJSON.framework",
				"${BUILT_PRODUCTS_DIR}/Typhoon/Typhoon.framework",
			);
			name = "[CP] Embed Pods Frameworks";
			outputPaths = (
				"${TARGET_BUILD_DIR}/${FRAMEWORKS_FOLDER_PATH}/Alamofire.framework",
				"${TARGET_BUILD_DIR}/${FRAMEWORKS_FOLDER_PATH}/Moya.framework",
				"${TARGET_BUILD_DIR}/${FRAMEWORKS_FOLDER_PATH}/ReactiveSwift.framework",
				"${TARGET_BUILD_DIR}/${FRAMEWORKS_FOLDER_PATH}/Realm.framework",
				"${TARGET_BUILD_DIR}/${FRAMEWORKS_FOLDER_PATH}/RealmSwift.framework",
				"${TARGET_BUILD_DIR}/${FRAMEWORKS_FOLDER_PATH}/Result.framework",
				"${TARGET_BUILD_DIR}/${FRAMEWORKS_FOLDER_PATH}/SwiftyJSON.framework",
				"${TARGET_BUILD_DIR}/${FRAMEWORKS_FOLDER_PATH}/Typhoon.framework",
			);
			runOnlyForDeploymentPostprocessing = 0;
			shellPath = /bin/sh;
			shellScript = "\"${SRCROOT}/Pods/Target Support Files/Pods-ChrisPelis/Pods-ChrisPelis-frameworks.sh\"\n";
			showEnvVarsInLog = 0;
		};
/* End PBXShellScriptBuildPhase section */

/* Begin PBXSourcesBuildPhase section */
		C35A0F9722B0AB330067402F /* Sources */ = {
			isa = PBXSourcesBuildPhase;
			buildActionMask = 2147483647;
			files = (
				C31E406922B3542D00A27C7D /* DataServices.swift in Sources */,
				C31E407022B355D800A27C7D /* InitialViewController.swift in Sources */,
				C31E407C22B3627900A27C7D /* Movie.swift in Sources */,
				C35A0F9F22B0AB330067402F /* AppDelegate.swift in Sources */,
				C31E407622B357F100A27C7D /* CustomNavigationController.swift in Sources */,
				C31E407422B3576F00A27C7D /* ApplicationAssembly.swift in Sources */,
				C31E406122B34FD100A27C7D /* GradientView.swift in Sources */,
				C31E406722B352CA00A27C7D /* Category.swift in Sources */,
				C31E407922B361C500A27C7D /* MoviesViewController.swift in Sources */,
			);
			runOnlyForDeploymentPostprocessing = 0;
		};
/* End PBXSourcesBuildPhase section */

/* Begin PBXVariantGroup section */
		C35A0FA722B0AB370067402F /* LaunchScreen.storyboard */ = {
			isa = PBXVariantGroup;
			children = (
				C35A0FA822B0AB370067402F /* Base */,
			);
			name = LaunchScreen.storyboard;
			sourceTree = "<group>";
		};
/* End PBXVariantGroup section */

/* Begin XCBuildConfiguration section */
		C35A0FAB22B0AB370067402F /* Debug */ = {
			isa = XCBuildConfiguration;
			buildSettings = {
				ALWAYS_SEARCH_USER_PATHS = NO;
				CLANG_ANALYZER_NONNULL = YES;
				CLANG_ANALYZER_NUMBER_OBJECT_CONVERSION = YES_AGGRESSIVE;
				CLANG_CXX_LANGUAGE_STANDARD = "gnu++14";
				CLANG_CXX_LIBRARY = "libc++";
				CLANG_ENABLE_MODULES = YES;
				CLANG_ENABLE_OBJC_ARC = YES;
				CLANG_ENABLE_OBJC_WEAK = YES;
				CLANG_WARN_BLOCK_CAPTURE_AUTORELEASING = YES;
				CLANG_WARN_BOOL_CONVERSION = YES;
				CLANG_WARN_COMMA = YES;
				CLANG_WARN_CONSTANT_CONVERSION = YES;
				CLANG_WARN_DEPRECATED_OBJC_IMPLEMENTATIONS = YES;
				CLANG_WARN_DIRECT_OBJC_ISA_USAGE = YES_ERROR;
				CLANG_WARN_DOCUMENTATION_COMMENTS = YES;
				CLANG_WARN_EMPTY_BODY = YES;
				CLANG_WARN_ENUM_CONVERSION = YES;
				CLANG_WARN_INFINITE_RECURSION = YES;
				CLANG_WARN_INT_CONVERSION = YES;
				CLANG_WARN_NON_LITERAL_NULL_CONVERSION = YES;
				CLANG_WARN_OBJC_IMPLICIT_RETAIN_SELF = YES;
				CLANG_WARN_OBJC_LITERAL_CONVERSION = YES;
				CLANG_WARN_OBJC_ROOT_CLASS = YES_ERROR;
				CLANG_WARN_RANGE_LOOP_ANALYSIS = YES;
				CLANG_WARN_STRICT_PROTOTYPES = YES;
				CLANG_WARN_SUSPICIOUS_MOVE = YES;
				CLANG_WARN_UNGUARDED_AVAILABILITY = YES_AGGRESSIVE;
				CLANG_WARN_UNREACHABLE_CODE = YES;
				CLANG_WARN__DUPLICATE_METHOD_MATCH = YES;
				CODE_SIGN_IDENTITY = "iPhone Developer";
				COPY_PHASE_STRIP = NO;
				DEBUG_INFORMATION_FORMAT = dwarf;
				ENABLE_STRICT_OBJC_MSGSEND = YES;
				ENABLE_TESTABILITY = YES;
				GCC_C_LANGUAGE_STANDARD = gnu11;
				GCC_DYNAMIC_NO_PIC = NO;
				GCC_NO_COMMON_BLOCKS = YES;
				GCC_OPTIMIZATION_LEVEL = 0;
				GCC_PREPROCESSOR_DEFINITIONS = (
					"DEBUG=1",
					"$(inherited)",
				);
				GCC_WARN_64_TO_32_BIT_CONVERSION = YES;
				GCC_WARN_ABOUT_RETURN_TYPE = YES_ERROR;
				GCC_WARN_UNDECLARED_SELECTOR = YES;
				GCC_WARN_UNINITIALIZED_AUTOS = YES_AGGRESSIVE;
				GCC_WARN_UNUSED_FUNCTION = YES;
				GCC_WARN_UNUSED_VARIABLE = YES;
				IPHONEOS_DEPLOYMENT_TARGET = 12.2;
				MTL_ENABLE_DEBUG_INFO = INCLUDE_SOURCE;
				MTL_FAST_MATH = YES;
				ONLY_ACTIVE_ARCH = YES;
				SDKROOT = iphoneos;
				SWIFT_ACTIVE_COMPILATION_CONDITIONS = DEBUG;
				SWIFT_OPTIMIZATION_LEVEL = "-Onone";
			};
			name = Debug;
		};
		C35A0FAC22B0AB370067402F /* Release */ = {
			isa = XCBuildConfiguration;
			buildSettings = {
				ALWAYS_SEARCH_USER_PATHS = NO;
				CLANG_ANALYZER_NONNULL = YES;
				CLANG_ANALYZER_NUMBER_OBJECT_CONVERSION = YES_AGGRESSIVE;
				CLANG_CXX_LANGUAGE_STANDARD = "gnu++14";
				CLANG_CXX_LIBRARY = "libc++";
				CLANG_ENABLE_MODULES = YES;
				CLANG_ENABLE_OBJC_ARC = YES;
				CLANG_ENABLE_OBJC_WEAK = YES;
				CLANG_WARN_BLOCK_CAPTURE_AUTORELEASING = YES;
				CLANG_WARN_BOOL_CONVERSION = YES;
				CLANG_WARN_COMMA = YES;
				CLANG_WARN_CONSTANT_CONVERSION = YES;
				CLANG_WARN_DEPRECATED_OBJC_IMPLEMENTATIONS = YES;
				CLANG_WARN_DIRECT_OBJC_ISA_USAGE = YES_ERROR;
				CLANG_WARN_DOCUMENTATION_COMMENTS = YES;
				CLANG_WARN_EMPTY_BODY = YES;
				CLANG_WARN_ENUM_CONVERSION = YES;
				CLANG_WARN_INFINITE_RECURSION = YES;
				CLANG_WARN_INT_CONVERSION = YES;
				CLANG_WARN_NON_LITERAL_NULL_CONVERSION = YES;
				CLANG_WARN_OBJC_IMPLICIT_RETAIN_SELF = YES;
				CLANG_WARN_OBJC_LITERAL_CONVERSION = YES;
				CLANG_WARN_OBJC_ROOT_CLASS = YES_ERROR;
				CLANG_WARN_RANGE_LOOP_ANALYSIS = YES;
				CLANG_WARN_STRICT_PROTOTYPES = YES;
				CLANG_WARN_SUSPICIOUS_MOVE = YES;
				CLANG_WARN_UNGUARDED_AVAILABILITY = YES_AGGRESSIVE;
				CLANG_WARN_UNREACHABLE_CODE = YES;
				CLANG_WARN__DUPLICATE_METHOD_MATCH = YES;
				CODE_SIGN_IDENTITY = "iPhone Developer";
				COPY_PHASE_STRIP = NO;
				DEBUG_INFORMATION_FORMAT = "dwarf-with-dsym";
				ENABLE_NS_ASSERTIONS = NO;
				ENABLE_STRICT_OBJC_MSGSEND = YES;
				GCC_C_LANGUAGE_STANDARD = gnu11;
				GCC_NO_COMMON_BLOCKS = YES;
				GCC_WARN_64_TO_32_BIT_CONVERSION = YES;
				GCC_WARN_ABOUT_RETURN_TYPE = YES_ERROR;
				GCC_WARN_UNDECLARED_SELECTOR = YES;
				GCC_WARN_UNINITIALIZED_AUTOS = YES_AGGRESSIVE;
				GCC_WARN_UNUSED_FUNCTION = YES;
				GCC_WARN_UNUSED_VARIABLE = YES;
				IPHONEOS_DEPLOYMENT_TARGET = 12.2;
				MTL_ENABLE_DEBUG_INFO = NO;
				MTL_FAST_MATH = YES;
				SDKROOT = iphoneos;
				SWIFT_COMPILATION_MODE = wholemodule;
				SWIFT_OPTIMIZATION_LEVEL = "-O";
				VALIDATE_PRODUCT = YES;
			};
			name = Release;
		};
		C35A0FAE22B0AB370067402F /* Debug */ = {
			isa = XCBuildConfiguration;
			baseConfigurationReference = 3030E809BFF9162C56D303B5 /* Pods-ChrisPelis.debug.xcconfig */;
			buildSettings = {
				ASSETCATALOG_COMPILER_APPICON_NAME = AppIcon;
				CODE_SIGN_STYLE = Automatic;
				DEVELOPMENT_TEAM = CBCAAE2W3J;
				INFOPLIST_FILE = ChrisPelis/Info.plist;
				IPHONEOS_DEPLOYMENT_TARGET = 11.0;
				LD_RUNPATH_SEARCH_PATHS = (
					"$(inherited)",
					"@executable_path/Frameworks",
				);
				PRODUCT_BUNDLE_IDENTIFIER = com.christianc.chrispelis.ChrisPelis;
				PRODUCT_NAME = "$(TARGET_NAME)";
				SWIFT_VERSION = 4.0;
				TARGETED_DEVICE_FAMILY = "1,2";
			};
			name = Debug;
		};
		C35A0FAF22B0AB370067402F /* Release */ = {
			isa = XCBuildConfiguration;
			baseConfigurationReference = C4961FF41B12C90D6F803581 /* Pods-ChrisPelis.release.xcconfig */;
			buildSettings = {
				ASSETCATALOG_COMPILER_APPICON_NAME = AppIcon;
				CODE_SIGN_STYLE = Automatic;
				DEVELOPMENT_TEAM = CBCAAE2W3J;
				INFOPLIST_FILE = ChrisPelis/Info.plist;
				IPHONEOS_DEPLOYMENT_TARGET = 11.0;
				LD_RUNPATH_SEARCH_PATHS = (
					"$(inherited)",
					"@executable_path/Frameworks",
				);
				PRODUCT_BUNDLE_IDENTIFIER = com.christianc.chrispelis.ChrisPelis;
				PRODUCT_NAME = "$(TARGET_NAME)";
				SWIFT_VERSION = 4.0;
				TARGETED_DEVICE_FAMILY = "1,2";
			};
			name = Release;
		};
/* End XCBuildConfiguration section */

/* Begin XCConfigurationList section */
		C35A0F9622B0AB330067402F /* Build configuration list for PBXProject "ChrisPelis" */ = {
			isa = XCConfigurationList;
			buildConfigurations = (
				C35A0FAB22B0AB370067402F /* Debug */,
				C35A0FAC22B0AB370067402F /* Release */,
			);
			defaultConfigurationIsVisible = 0;
			defaultConfigurationName = Release;
		};
		C35A0FAD22B0AB370067402F /* Build configuration list for PBXNativeTarget "ChrisPelis" */ = {
			isa = XCConfigurationList;
			buildConfigurations = (
				C35A0FAE22B0AB370067402F /* Debug */,
				C35A0FAF22B0AB370067402F /* Release */,
			);
			defaultConfigurationIsVisible = 0;
			defaultConfigurationName = Release;
		};
/* End XCConfigurationList section */
	};
	rootObject = C35A0F9322B0AB330067402F /* Project object */;
}
